{
  "version": 4,
  "terraform_version": "1.1.5",
  "serial": 32,
  "lineage": "12458c4d-9349-41d0-06e8-a83e45dbe84f",
  "outputs": {},
  "resources": [
    {
      "mode": "managed",
      "type": "local_file",
      "name": "pet_files",
      "provider": "provider[\"registry.terraform.io/hashicorp/local\"]",
      "instances": [
        {
          "index_key": 0,
          "schema_version": 0,
          "attributes": {
            "content": "emerging-mantis",
            "content_base64": null,
            "directory_permission": "0777",
            "file_permission": "0777",
            "filename": "/tmp/emerging-mantis.txt",
            "id": "8cdf083053968a76efb0589539348adf79828a5e",
            "sensitive_content": null,
            "source": null
          },
          "sensitive_attributes": [],
          "private": "bnVsbA==",
          "dependencies": [
            "random_pet.pet"
          ]
        },
        {
          "index_key": 1,
          "schema_version": 0,
          "attributes": {
            "content": "emerging-mantis",
            "content_base64": null,
            "directory_permission": "0777",
            "file_permission": "0777",
            "filename": "/tmp/emerging-mantis.txt",
            "id": "8cdf083053968a76efb0589539348adf79828a5e",
            "sensitive_content": null,
            "source": null
          },
          "sensitive_attributes": [],
          "private": "bnVsbA==",
          "dependencies": [
            "random_pet.pet"
          ]
        },
        {
          "index_key": 2,
          "schema_version": 0,
          "attributes": {
            "content": "emerging-mantis",
            "content_base64": null,
            "directory_permission": "0777",
            "file_permission": "0777",
            "filename": "/tmp/emerging-mantis.txt",
            "id": "8cdf083053968a76efb0589539348adf79828a5e",
            "sensitive_content": null,
            "source": null
          },
          "sensitive_attributes": [],
          "private": "bnVsbA==",
          "dependencies": [
            "random_pet.pet"
          ]
        }
      ]
    },
    {
      "mode": "managed",
      "type": "local_file",
      "name": "single_pet_file",
      "provider": "provider[\"registry.terraform.io/hashicorp/local\"]",
      "instances": [
        {
          "schema_version": 0,
          "attributes": {
            "content": "emerging-mantis",
            "content_base64": null,
            "directory_permission": "0777",
            "file_permission": "0777",
            "filename": "/tmp/single_pet_file.txt",
            "id": "8cdf083053968a76efb0589539348adf79828a5e",
            "sensitive_content": null,
            "source": null
          },
          "sensitive_attributes": [],
          "private": "bnVsbA==",
          "dependencies": [
            "random_pet.pet"
          ]
        }
      ]
    },
    {
      "mode": "managed",
      "type": "random_pet",
      "name": "pet",
      "provider": "provider[\"registry.terraform.io/hashicorp/random\"]",
      "instances": [
        {
          "schema_version": 0,
          "attributes": {
            "id": "emerging-mantis",
            "keepers": null,
            "length": 2,
            "prefix": null,
            "separator": "-"
          },
          "sensitive_attributes": [],
          "private": "bnVsbA=="
        }
      ]
    }
  ]
}
